
Microsoft Visual Studio Solution File, Format Version 12.00
# Visual Studio Version 16
VisualStudioVersion = 16.0.29613.14
MinimumVisualStudioVersion = 10.0.40219.1
Project("{9A19103F-16F7-4668-BE54-9A1E7A4F7556}") = "Yitek.Communication.Core", "Yitek.Communication.Core\Yitek.Communication.Core.csproj", "{71E8E4E9-1BD4-41DC-8E98-2166D6919E12}"
EndProject
Project("{FAE04EC0-301F-11D3-BF4B-00C04F79EFBC}") = "Yitek.Communication.Host", "Yitek.Communication.Host\Yitek.Communication.Host.csproj", "{831BCBCE-D334-4DFE-AE8C-DC4FEE4B76C6}"
EndProject
Global
	GlobalSection(SolutionConfigurationPlatforms) = preSolution
		Debug|Any CPU = Debug|Any CPU
		Release|Any CPU = Release|Any CPU
	EndGlobalSection
	GlobalSection(ProjectConfigurationPlatforms) = postSolution
		{71E8E4E9-1BD4-41DC-8E98-2166D6919E12}.Debug|Any CPU.ActiveCfg = Debug|Any CPU
		{71E8E4E9-1BD4-41DC-8E98-2166D6919E12}.Debug|Any CPU.Build.0 = Debug|Any CPU
		{71E8E4E9-1BD4-41DC-8E98-2166D6919E12}.Release|Any CPU.ActiveCfg = Release|Any CPU
		{71E8E4E9-1BD4-41DC-8E98-2166D6919E12}.Release|Any CPU.Build.0 = Release|Any CPU
		{831BCBCE-D334-4DFE-AE8C-DC4FEE4B76C6}.Debug|Any CPU.ActiveCfg = Debug|Any CPU
		{831BCBCE-D334-4DFE-AE8C-DC4FEE4B76C6}.Debug|Any CPU.Build.0 = Debug|Any CPU
		{831BCBCE-D334-4DFE-AE8C-DC4FEE4B76C6}.Release|Any CPU.ActiveCfg = Release|Any CPU
		{831BCBCE-D334-4DFE-AE8C-DC4FEE4B76C6}.Release|Any CPU.Build.0 = Release|Any CPU
	EndGlobalSection
	GlobalSection(SolutionProperties) = preSolution
		HideSolutionNode = FALSE
	EndGlobalSection
	GlobalSection(ExtensibilityGlobals) = postSolution
		SolutionGuid = {48D187B1-70CB-40B9-B4C7-1BC918D1D369}
	EndGlobalSection
EndGlobal
